github.com/beorn7/perks v0.0.0-20160804104726-4c0e84591b9a h1:BtpsbiV638WQZwhA98cEZw2BsbnQJrbd0BI7tsy0W1c=
github.com/beorn7/perks v0.0.0-20160804104726-4c0e84591b9a/go.mod h1:Dwedo/Wpr24TaqPxmxbtue+5NUziq4I4S80YR8gNf3Q=
github.com/ceph/go-ceph v0.0.0-20181217221554-e32f9f0f2e94 h1:m3fyIqe28zGggNHc9hE2R3Zk/CJC3Lg8KFSNfXu8mpk=
github.com/ceph/go-ceph v0.0.0-20181217221554-e32f9f0f2e94/go.mod h1:DhWkbjUxN0QRc0xQvpI9QhzqQSzYysRuZVcqSfiStds=
github.com/davecgh/go-spew v1.1.0 h1:ZDRjVQ15GmhC3fiQ8ni8+OwkZQO4DARzQgrnXU1Liz8=
github.com/davecgh/go-spew v1.1.0/go.mod h1:J7Y8YcW2NihsgmVo/mv3lAwl/skON4iLHjSsI+c5H38=
github.com/gofrs/uuid v3.3.0+incompatible h1:8K4tyRfvU1CYPgJsveYFQMhpFd/wXNM7iK6rR7UHz84=
github.com/gofrs/uuid v3.3.0+incompatible/go.mod h1:b2aQJv3Z4Fp6yNu3cdSllBxTCLRxnplIgP/c0N/04lM=
github.com/golang/protobuf v0.0.0-20170331031902-2bba0603135d h1:KmiEmEGA5sqizMpKnexwioxj8zEUSBc7p9UTQu36lpQ=
github.com/golang/protobuf v0.0.0-20170331031902-2bba0603135d/go.mod h1:6lQm79b+lXiMfvg/cZm0SGofjICqVBUtrP5yJMmIC1U=
github.com/kr/pty v1.1.1/go.mod h1:pFQYn66WHrOpPYNljwOMqo10TkYh1fy3cYio2l3bCsQ=
github.com/kr/text v0.1.0 h1:45sCR5RtlFHMR4UwH9sdQ5TC8v0qDQCHnXt+kaKSTVE=
github.com/kr/text v0.1.0/go.mod h1:4Jbv+DJW3UT/LiOwJeYQe1efqtUx/iVham/4vfdArNI=
github.com/matttproud/golang_protobuf_extensions v1.0.1 h1:4hp9jkHxhMHkqkrB3Ix0jegS5sx/RkqARlsWZ6pIwiU=
github.com/matttproud/golang_protobuf_extensions v1.0.1/go.mod h1:D8He9yQNgCq6Z5Ld7szi9bcBfOoFv/3dc6xSMkL2PC0=
github.com/niemeyer/pretty v0.0.0-20200227124842-a10e7caefd8e h1:fD57ERR4JtEqsWbfPhv4DMiApHyliiK5xCTNVSPiaAs=
github.com/niemeyer/pretty v0.0.0-20200227124842-a10e7caefd8e/go.mod h1:zD1mROLANZcx1PVRCS0qkT7pwLkGfwJo4zjcN/Tysno=
github.com/pmezard/go-difflib v1.0.0 h1:4DBwDE0NGyQoBHbLQYPwSUPoCMWR5BEzIk/f1lZbAQM=
github.com/pmezard/go-difflib v1.0.0/go.mod h1:iKH77koFhYxTK1pcRnkKkqfTogsbg7gZNVY4sRDYZ/4=
github.com/prometheus/client_golang v0.9.0-pre1.0.20170921105543-353b8c3f3776 h1:M8/IJR0YLIo0guc5F6Myyk2iFo6vbXMZOhnNLeYLvTU=
github.com/prometheus/client_golang v0.9.0-pre1.0.20170921105543-353b8c3f3776/go.mod h1:7SWBe2y4D6OKWSNQJUaRYU/AaXPKyh/dDVn+NZz0KFw=
github.com/prometheus/client_model v0.0.0-20170216185247-6f3806018612 h1:13pIdM2tpaDi4OVe24fgoIS7ZTqMt0QI+bwQsX5hq+g=
github.com/prometheus/client_model v0.0.0-20170216185247-6f3806018612/go.mod h1:MbSGuTsp3dbXC40dX6PRTWyKYBIrTGTE9sqQNg2J8bo=
github.com/prometheus/common v0.0.0-20170427095455-13ba4ddd0caa h1:WBOqSBZzK9pqPXiewLT2aL9evdTCy4hUefz0h3iJGGI=
github.com/prometheus/common v0.0.0-20170427095455-13ba4ddd0caa/go.mod h1:daVV7qP5qjZbuso7PdcryaAu0sAZbrN9i7WWcTMWvro=
github.com/prometheus/procfs v0.0.0-20170424204552-6ac8c5d890d4 h1:Woa4Zb6SM25qHyHRquqDURnQifNsL6RKd9cbthZXlqM=
github.com/prometheus/procfs v0.0.0-20170424204552-6ac8c5d890d4/go.mod h1:c3At6R/oaqEKCNdg8wHV1ftS6bRYblBhIjjI8uT2IGk=
github.com/stretchr/objx v0.1.0/go.mod h1:HFkY916IF+rwdDfMAkV7OtwuqBVzrE8GR6GFx+wExME=
github.com/stretchr/testify v1.6.1 h1:hDPOHmpOpP40lSULcqw7IrRb/u7w6RpDC9399XyoNd0=
github.com/stretchr/testify v1.6.1/go.mod h1:6Fq8oRcR53rry900zMqJjRRixrwX3KX962/h/Wwjteg=
golang.org/x/sync v0.0.0-20201020160332-67f06af15bc9 h1:SQFwaSi55rU7vdNs9Yr0Z324VNlrF+0wMqRXT4St8ck=
golang.org/x/sync v0.0.0-20201020160332-67f06af15bc9/go.mod h1:RxMgew5VJxzue5/jJTE5uejpjVlOe/izrB70Jof72aM=
gopkg.in/check.v1 v0.0.0-20161208181325-20d25e280405/go.mod h1:Co6ibVJAznAaIkqp8huTwlJQCZ016jof/cbN4VW5Yz0=
gopkg.in/check.v1 v1.0.0-20200902074654-038fdea0a05b h1:QRR6H1YWRnHb4Y/HeNFCTJLFVxaq6wH4YuVdsUOr75U=
gopkg.in/check.v1 v1.0.0-20200902074654-038fdea0a05b/go.mod h1:Co6ibVJAznAaIkqp8huTwlJQCZ016jof/cbN4VW5Yz0=
gopkg.in/yaml.v2 v2.0.0-20170407172122-cd8b52f8269e h1:o/mfNjxpTLivuKEfxzzwrJ8PmulH2wEp7t713uMwKAA=
gopkg.in/yaml.v2 v2.0.0-20170407172122-cd8b52f8269e/go.mod h1:JAlM8MvJe8wmxCU4Bli9HhUf9+ttbYbLASfIpnQbh74=
gopkg.in/yaml.v3 v3.0.0-20200313102051-9f266ea9e77c h1:dUUwHk2QECo/6vqA44rthZ8ie2QXMNeKRTHCNY2nXvo=
gopkg.in/yaml.v3 v3.0.0-20200313102051-9f266ea9e77c/go.mod h1:K4uyk7z7BCEPqu6E+C64Yfv1cQ7kz7rIZviUmN+EgEM=
